
Microsoft Visual Studio Solution File, Format Version 12.00
# Visual Studio Version 17
VisualStudioVersion = 17.5.002.0
MinimumVisualStudioVersion = 10.0.40219.1
Project("{9A19103F-16F7-4668-BE54-9A1E7A4F7556}") = "labs_2_semestr", "labs_2_semestr.csproj", "{AEA57AB5-87A5-449A-A394-C4DE7FF6A23D}"
EndProject
Global
	GlobalSection(SolutionConfigurationPlatforms) = preSolution
		Debug|Any CPU = Debug|Any CPU
		Release|Any CPU = Release|Any CPU
	EndGlobalSection
	GlobalSection(ProjectConfigurationPlatforms) = postSolution
		{AEA57AB5-87A5-449A-A394-C4DE7FF6A23D}.Debug|Any CPU.ActiveCfg = Debug|Any CPU
		{AEA57AB5-87A5-449A-A394-C4DE7FF6A23D}.Debug|Any CPU.Build.0 = Debug|Any CPU
		{AEA57AB5-87A5-449A-A394-C4DE7FF6A23D}.Release|Any CPU.ActiveCfg = Release|Any CPU
		{AEA57AB5-87A5-449A-A394-C4DE7FF6A23D}.Release|Any CPU.Build.0 = Release|Any CPU
	EndGlobalSection
	GlobalSection(SolutionProperties) = preSolution
		HideSolutionNode = FALSE
	EndGlobalSection
	GlobalSection(ExtensibilityGlobals) = postSolution
		SolutionGuid = {3CA6139E-2D83-47EE-BA6C-4410F3733955}
	EndGlobalSection
EndGlobal
